// !$*UTF8*$!
{
	archiveVersion = 1;
	classes = {
	};
	objectVersion = 90;
	objects = {

/* Begin PBXBuildFile section */
		000000000000000000000205 /* TrackpadWizard.icon in Resources */ = {isa = PBXBuildFile; fileRef = 000000000000000000000108 /* TrackpadWizard.icon */; };
		000000000000000000000202 /* AppKit.framework in Frameworks */ = {isa = PBXBuildFile; fileRef = 000000000000000000000104 /* AppKit.framework */; };
		000000000000000000000203 /* ApplicationServices.framework in Frameworks */ = {isa = PBXBuildFile; fileRef = 000000000000000000000105 /* ApplicationServices.framework */; };
		000000000000000000000204 /* IOKit.framework in Frameworks */ = {isa = PBXBuildFile; fileRef = 000000000000000000000106 /* IOKit.framework */; };
/* End PBXBuildFile section */

/* Begin PBXContainerItemProxy section */
		000000000000000000000501 /* PBXContainerItemProxy */ = {
			isa = PBXContainerItemProxy;
			containerPortal = 000000000000000000000001 /* Project object */;
			proxyType = 1;
			remoteGlobalIDString = 000000000000000000000301;
			remoteInfo = TrackpadWizard;
		};
/* End PBXContainerItemProxy section */

/* Begin PBXFileReference section */
		000000000000000000000101 /* Trackpad Wizard.app */ = {isa = PBXFileReference; explicitFileType = wrapper.application; includeInIndex = 0; path = "Trackpad Wizard.app"; sourceTree = BUILT_PRODUCTS_DIR; };
		000000000000000000000102 /* TrackpadWizardTests.xctest */ = {isa = PBXFileReference; explicitFileType = wrapper.cfbundle; includeInIndex = 0; path = TrackpadWizardTests.xctest; sourceTree = BUILT_PRODUCTS_DIR; };
		000000000000000000000103 /* TrackpadWizard.icns */ = {isa = PBXFileReference; lastKnownFileType = image.icns; path = TrackpadWizard.icns; sourceTree = "<group>"; };
		000000000000000000000104 /* AppKit.framework */ = {isa = PBXFileReference; lastKnownFileType = wrapper.framework; name = AppKit.framework; path = System/Library/Frameworks/AppKit.framework; sourceTree = SDKROOT; };
		000000000000000000000105 /* ApplicationServices.framework */ = {isa = PBXFileReference; lastKnownFileType = wrapper.framework; name = ApplicationServices.framework; path = System/Library/Frameworks/ApplicationServices.framework; sourceTree = SDKROOT; };
		000000000000000000000106 /* IOKit.framework */ = {isa = PBXFileReference; lastKnownFileType = wrapper.framework; name = IOKit.framework; path = System/Library/Frameworks/IOKit.framework; sourceTree = SDKROOT; };
		000000000000000000000107 /* Info.plist */ = {isa = PBXFileReference; lastKnownFileType = text.plist.xml; path = Info.plist; sourceTree = "<group>"; };
		000000000000000000000108 /* TrackpadWizard.icon */ = {isa = PBXFileReference; lastKnownFileType = folder.iconcomposer.icon; path = TrackpadWizard.icon; sourceTree = "<group>"; };
/* End PBXFileReference section */

/* Begin PBXFileSystemSynchronizedRootGroup section */
		000000000000000000000006 /* Sources/TrackpadWizard */ = {
			isa = PBXFileSystemSynchronizedRootGroup;
			path = Sources/TrackpadWizard;
			sourceTree = "<group>";
		};
		000000000000000000000007 /* Tests/TrackpadWizardTests */ = {
			isa = PBXFileSystemSynchronizedRootGroup;
			path = Tests/TrackpadWizardTests;
			sourceTree = "<group>";
		};
/* End PBXFileSystemSynchronizedRootGroup section */

/* Begin PBXFrameworksBuildPhase section */
		000000000000000000000402 /* Frameworks */ = {
			isa = PBXFrameworksBuildPhase;
			files = (
				000000000000000000000202 /* AppKit.framework in Frameworks */,
				000000000000000000000203 /* ApplicationServices.framework in Frameworks */,
				000000000000000000000204 /* IOKit.framework in Frameworks */,
			);
		};
		000000000000000000000405 /* Frameworks */ = {
			isa = PBXFrameworksBuildPhase;
			files = (
			);
		};
/* End PBXFrameworksBuildPhase section */

/* Begin PBXGroup section */
		000000000000000000000002 = {
			isa = PBXGroup;
			children = (
				000000000000000000000006 /* Sources/TrackpadWizard */,
				000000000000000000000007 /* Tests/TrackpadWizardTests */,
				000000000000000000000008 /* Config */,
				000000000000000000000005 /* Assets */,
				000000000000000000000004 /* Frameworks */,
				000000000000000000000003 /* Products */,
			);
			sourceTree = "<group>";
		};
		000000000000000000000003 /* Products */ = {
			isa = PBXGroup;
			children = (
				000000000000000000000101 /* Trackpad Wizard.app */,
				000000000000000000000102 /* TrackpadWizardTests.xctest */,
			);
			name = Products;
			sourceTree = "<group>";
		};
		000000000000000000000004 /* Frameworks */ = {
			isa = PBXGroup;
			children = (
				000000000000000000000104 /* AppKit.framework */,
				000000000000000000000105 /* ApplicationServices.framework */,
				000000000000000000000106 /* IOKit.framework */,
			);
			name = Frameworks;
			sourceTree = "<group>";
		};
		000000000000000000000005 /* Assets */ = {
			isa = PBXGroup;
			children = (
				000000000000000000000108 /* TrackpadWizard.icon */,
				000000000000000000000103 /* TrackpadWizard.icns */,
			);
			path = Assets;
			sourceTree = "<group>";
		};
		000000000000000000000008 /* Config */ = {
			isa = PBXGroup;
			children = (
				000000000000000000000107 /* Info.plist */,
			);
			path = Config;
			sourceTree = "<group>";
		};
/* End PBXGroup section */

/* Begin PBXNativeTarget section */
		000000000000000000000301 /* TrackpadWizard */ = {
			isa = PBXNativeTarget;
			buildConfigurationList = 000000000000000000000702 /* Build configuration list for PBXNativeTarget "TrackpadWizard" */;
			buildPhases = (
				000000000000000000000401 /* Sources */,
				000000000000000000000402 /* Frameworks */,
				000000000000000000000403 /* Resources */,
			);
			buildRules = (
			);
			fileSystemSynchronizedGroups = (
				000000000000000000000006 /* Sources/TrackpadWizard */,
			);
			name = TrackpadWizard;
			productName = TrackpadWizard;
			productReference = 000000000000000000000101 /* Trackpad Wizard.app */;
			productType = "com.apple.product-type.application";
		};
		000000000000000000000302 /* TrackpadWizardTests */ = {
			isa = PBXNativeTarget;
			buildConfigurationList = 000000000000000000000703 /* Build configuration list for PBXNativeTarget "TrackpadWizardTests" */;
			buildPhases = (
				000000000000000000000404 /* Sources */,
				000000000000000000000405 /* Frameworks */,
				000000000000000000000406 /* Resources */,
			);
			buildRules = (
			);
			dependencies = (
				000000000000000000000502 /* PBXTargetDependency */,
			);
			fileSystemSynchronizedGroups = (
				000000000000000000000007 /* Tests/TrackpadWizardTests */,
			);
			name = TrackpadWizardTests;
			productName = TrackpadWizardTests;
			productReference = 000000000000000000000102 /* TrackpadWizardTests.xctest */;
			productType = "com.apple.product-type.bundle.unit-test";
		};
/* End PBXNativeTarget section */

/* Begin PBXProject section */
		000000000000000000000001 /* Project object */ = {
			isa = PBXProject;
			attributes = {
				BuildIndependentTargetsInParallel = 1;
				LastSwiftUpdateCheck = 2700;
				LastUpgradeCheck = 2700;
				ORGANIZATIONNAME = "JASON Studio";
				TargetAttributes = {
					000000000000000000000301 = {
						CreatedOnToolsVersion = 27.0;
					};
					000000000000000000000302 = {
						CreatedOnToolsVersion = 27.0;
						TestTargetID = 000000000000000000000301;
					};
				};
			};
			buildConfigurationList = 000000000000000000000701 /* Build configuration list for PBXProject "TrackpadWizard" */;
			developmentRegion = en;
			hasScannedForEncodings = 0;
			knownRegions = (
				en,
				Base,
			);
			mainGroup = 000000000000000000000002;
			minimizedProjectReferenceProxies = 1;
			preferredProjectObjectVersion = 90;
			productRefGroup = 000000000000000000000003 /* Products */;
			projectDirPath = "";
			projectRoot = "";
			targets = (
				000000000000000000000301 /* TrackpadWizard */,
				000000000000000000000302 /* TrackpadWizardTests */,
			);
		};
/* End PBXProject section */

/* Begin PBXResourcesBuildPhase section */
		000000000000000000000403 /* Resources */ = {
			isa = PBXResourcesBuildPhase;
			files = (
				000000000000000000000205 /* TrackpadWizard.icon in Resources */,
			);
		};
		000000000000000000000406 /* Resources */ = {
			isa = PBXResourcesBuildPhase;
			files = (
			);
		};
/* End PBXResourcesBuildPhase section */

/* Begin PBXSourcesBuildPhase section */
		000000000000000000000401 /* Sources */ = {
			isa = PBXSourcesBuildPhase;
			files = (
			);
		};
		000000000000000000000404 /* Sources */ = {
			isa = PBXSourcesBuildPhase;
			files = (
			);
		};
/* End PBXSourcesBuildPhase section */

/* Begin PBXTargetDependency section */
		000000000000000000000502 /* PBXTargetDependency */ = {
			isa = PBXTargetDependency;
			target = 000000000000000000000301 /* TrackpadWizard */;
			targetProxy = 000000000000000000000501 /* PBXContainerItemProxy */;
		};
/* End PBXTargetDependency section */

/* Begin XCBuildConfiguration section */
		000000000000000000000601 /* Debug configuration for PBXProject "TrackpadWizard" */ = {
			isa = XCBuildConfiguration;
			buildSettings = {
				ALWAYS_SEARCH_USER_PATHS = NO;
				CLANG_ENABLE_MODULES = YES;
				CLANG_ENABLE_OBJC_ARC = YES;
				COPY_PHASE_STRIP = NO;
				DEBUG_INFORMATION_FORMAT = dwarf;
				ENABLE_TESTABILITY = YES;
				GCC_C_LANGUAGE_STANDARD = gnu17;
				GCC_NO_COMMON_BLOCKS = YES;
				GCC_OPTIMIZATION_LEVEL = 0;
				GCC_PREPROCESSOR_DEFINITIONS = (
					"DEBUG=1",
					"$(inherited)",
				);
				MACOSX_DEPLOYMENT_TARGET = 26.0;
				ONLY_ACTIVE_ARCH = YES;
				SDKROOT = macosx;
				SWIFT_ACTIVE_COMPILATION_CONDITIONS = "DEBUG $(inherited)";
				SWIFT_OPTIMIZATION_LEVEL = "-Onone";
			};
			name = Debug;
		};
		000000000000000000000602 /* Release configuration for PBXProject "TrackpadWizard" */ = {
			isa = XCBuildConfiguration;
			buildSettings = {
				ALWAYS_SEARCH_USER_PATHS = NO;
				CLANG_ENABLE_MODULES = YES;
				CLANG_ENABLE_OBJC_ARC = YES;
				COPY_PHASE_STRIP = YES;
				DEBUG_INFORMATION_FORMAT = "dwarf-with-dsym";
				ENABLE_NS_ASSERTIONS = NO;
				GCC_C_LANGUAGE_STANDARD = gnu17;
				GCC_NO_COMMON_BLOCKS = YES;
				MACOSX_DEPLOYMENT_TARGET = 26.0;
				SDKROOT = macosx;
				SWIFT_COMPILATION_MODE = wholemodule;
			};
			name = Release;
		};
		000000000000000000000603 /* Debug configuration for PBXNativeTarget "TrackpadWizard" */ = {
			isa = XCBuildConfiguration;
			buildSettings = {
				ASSETCATALOG_COMPILER_APPICON_NAME = TrackpadWizard;
				ASSETCATALOG_COMPILER_INCLUDE_ALL_APPICON_ASSETS = YES;
				"CODE_SIGN_IDENTITY[sdk=macosx*]" = "Apple Development";
				CODE_SIGN_STYLE = Automatic;
				CURRENT_PROJECT_VERSION = 3;
				DEVELOPMENT_TEAM = WBU2AFY549;
				ENABLE_APP_SANDBOX = NO;
				ENABLE_HARDENED_RUNTIME = YES;
				ENABLE_PREVIEWS = YES;
				EXECUTABLE_NAME = TrackpadWizard;
				GENERATE_INFOPLIST_FILE = NO;
				INFOPLIST_FILE = Config/Info.plist;
				INFOPLIST_KEY_CFBundleDisplayName = "Trackpad Wizard";
				INFOPLIST_KEY_LSApplicationCategoryType = "public.app-category.utilities";
				LD_RUNPATH_SEARCH_PATHS = (
					"$(inherited)",
					"@executable_path/../Frameworks",
				);
				MARKETING_VERSION = 0.2.1;
				PRODUCT_BUNDLE_IDENTIFIER = cc.jasonstu.trackpadwizard;
				PRODUCT_MODULE_NAME = TrackpadWizard;
				PRODUCT_NAME = "Trackpad Wizard";
				SWIFT_EMIT_LOC_STRINGS = YES;
				SWIFT_VERSION = 6.0;
			};
			name = Debug;
		};
		000000000000000000000604 /* Release configuration for PBXNativeTarget "TrackpadWizard" */ = {
			isa = XCBuildConfiguration;
			buildSettings = {
				ASSETCATALOG_COMPILER_APPICON_NAME = TrackpadWizard;
				ASSETCATALOG_COMPILER_INCLUDE_ALL_APPICON_ASSETS = YES;
				"CODE_SIGN_IDENTITY[sdk=macosx*]" = "Apple Development";
				CODE_SIGN_STYLE = Automatic;
				CURRENT_PROJECT_VERSION = 3;
				DEVELOPMENT_TEAM = WBU2AFY549;
				ENABLE_APP_SANDBOX = NO;
				ENABLE_HARDENED_RUNTIME = YES;
				EXECUTABLE_NAME = TrackpadWizard;
				GENERATE_INFOPLIST_FILE = NO;
				INFOPLIST_FILE = Config/Info.plist;
				INFOPLIST_KEY_CFBundleDisplayName = "Trackpad Wizard";
				INFOPLIST_KEY_LSApplicationCategoryType = "public.app-category.utilities";
				LD_RUNPATH_SEARCH_PATHS = (
					"$(inherited)",
					"@executable_path/../Frameworks",
				);
				MARKETING_VERSION = 0.2.1;
				PRODUCT_BUNDLE_IDENTIFIER = cc.jasonstu.trackpadwizard;
				PRODUCT_MODULE_NAME = TrackpadWizard;
				PRODUCT_NAME = "Trackpad Wizard";
				SWIFT_COMPILATION_MODE = wholemodule;
				SWIFT_VERSION = 6.0;
			};
			name = Release;
		};
		000000000000000000000605 /* Debug configuration for PBXNativeTarget "TrackpadWizardTests" */ = {
			isa = XCBuildConfiguration;
			buildSettings = {
				BUNDLE_LOADER = "$(TEST_HOST)";
				"CODE_SIGN_IDENTITY[sdk=macosx*]" = "Apple Development";
				CODE_SIGN_STYLE = Automatic;
				DEVELOPMENT_TEAM = WBU2AFY549;
				GENERATE_INFOPLIST_FILE = YES;
				PRODUCT_BUNDLE_IDENTIFIER = cc.jasonstu.trackpadwizard.tests;
				PRODUCT_NAME = "$(TARGET_NAME)";
				SWIFT_VERSION = 6.0;
				TEST_HOST = "$(BUILT_PRODUCTS_DIR)/Trackpad Wizard.app/Contents/MacOS/TrackpadWizard";
			};
			name = Debug;
		};
		000000000000000000000606 /* Release configuration for PBXNativeTarget "TrackpadWizardTests" */ = {
			isa = XCBuildConfiguration;
			buildSettings = {
				BUNDLE_LOADER = "$(TEST_HOST)";
				"CODE_SIGN_IDENTITY[sdk=macosx*]" = "Apple Development";
				CODE_SIGN_STYLE = Automatic;
				DEVELOPMENT_TEAM = WBU2AFY549;
				GENERATE_INFOPLIST_FILE = YES;
				PRODUCT_BUNDLE_IDENTIFIER = cc.jasonstu.trackpadwizard.tests;
				PRODUCT_NAME = "$(TARGET_NAME)";
				SWIFT_VERSION = 6.0;
				TEST_HOST = "$(BUILT_PRODUCTS_DIR)/Trackpad Wizard.app/Contents/MacOS/TrackpadWizard";
			};
			name = Release;
		};
/* End XCBuildConfiguration section */

/* Begin XCConfigurationList section */
		000000000000000000000701 /* Build configuration list for PBXProject "TrackpadWizard" */ = {
			isa = XCConfigurationList;
			buildConfigurations = (
				000000000000000000000601 /* Debug configuration for PBXProject "TrackpadWizard" */,
				000000000000000000000602 /* Release configuration for PBXProject "TrackpadWizard" */,
			);
			defaultConfigurationName = Release;
		};
		000000000000000000000702 /* Build configuration list for PBXNativeTarget "TrackpadWizard" */ = {
			isa = XCConfigurationList;
			buildConfigurations = (
				000000000000000000000603 /* Debug configuration for PBXNativeTarget "TrackpadWizard" */,
				000000000000000000000604 /* Release configuration for PBXNativeTarget "TrackpadWizard" */,
			);
			defaultConfigurationName = Release;
		};
		000000000000000000000703 /* Build configuration list for PBXNativeTarget "TrackpadWizardTests" */ = {
			isa = XCConfigurationList;
			buildConfigurations = (
				000000000000000000000605 /* Debug configuration for PBXNativeTarget "TrackpadWizardTests" */,
				000000000000000000000606 /* Release configuration for PBXNativeTarget "TrackpadWizardTests" */,
			);
			defaultConfigurationName = Release;
		};
/* End XCConfigurationList section */
	};
	rootObject = 000000000000000000000001 /* Project object */;
}
